
Microsoft Visual Studio Solution File, Format Version 12.00
# Visual Studio Version 17
VisualStudioVersion = 17.4.33103.184
MinimumVisualStudioVersion = 10.0.40219.1
Project("{FAE04EC0-301F-11D3-BF4B-00C04F79EFBC}") = "Практическая 5 по РПМ Курбатова", "Практическая 5 по РПМ Курбатова\Практическая 5 по РПМ Курбатова.csproj", "{AFBB536B-7458-49ED-8FED-7652930A7086}"
EndProject
Global
	GlobalSection(SolutionConfigurationPlatforms) = preSolution
		Debug|Any CPU = Debug|Any CPU
		Release|Any CPU = Release|Any CPU
	EndGlobalSection
	GlobalSection(ProjectConfigurationPlatforms) = postSolution
		{AFBB536B-7458-49ED-8FED-7652930A7086}.Debug|Any CPU.ActiveCfg = Debug|Any CPU
		{AFBB536B-7458-49ED-8FED-7652930A7086}.Debug|Any CPU.Build.0 = Debug|Any CPU
		{AFBB536B-7458-49ED-8FED-7652930A7086}.Release|Any CPU.ActiveCfg = Release|Any CPU
		{AFBB536B-7458-49ED-8FED-7652930A7086}.Release|Any CPU.Build.0 = Release|Any CPU
	EndGlobalSection
	GlobalSection(SolutionProperties) = preSolution
		HideSolutionNode = FALSE
	EndGlobalSection
	GlobalSection(ExtensibilityGlobals) = postSolution
		SolutionGuid = {DBB29CC4-5630-4942-AE2E-F64B7461EA55}
	EndGlobalSection
EndGlobal
